{
  "name": "ODEV5",
  "lockfileVersion": 2,
  "requires": true,
  "packages": {
    "": {
      "dependencies": {
        "air-datepicker": "^3.3.4"
      }
    },
    "node_modules/air-datepicker": {
      "version": "3.3.4",
      "resolved": "https://registry.npmjs.org/air-datepicker/-/air-datepicker-3.3.4.tgz",
      "integrity": "sha512-QDrkHUnpewDRggUHqAF9iAgw26ZpQ0ciEHZ9cYAN5sfoNwr6209LTXruS9xHuj5ltPApD7NCkTfopRR3SBjjKg=="
    }
  },
  "dependencies": {
    "air-datepicker": {
      "version": "3.3.4",
      "resolved": "https://registry.npmjs.org/air-datepicker/-/air-datepicker-3.3.4.tgz",
      "integrity": "sha512-QDrkHUnpewDRggUHqAF9iAgw26ZpQ0ciEHZ9cYAN5sfoNwr6209LTXruS9xHuj5ltPApD7NCkTfopRR3SBjjKg=="
    }
  }
}
